// !$*UTF8*$!
{
	archiveVersion = 1;
	classes = {
	};
	objectVersion = 46;
	objects = {

/* Begin PBXAggregateTarget section */
		D930C84612F2A6980042BBF4 /* Distribution */ = {
			isa = PBXAggregateTarget;
			buildConfigurationList = D930C84C12F2A6D00042BBF4 /* Build configuration list for PBXAggregateTarget "Distribution" */;
			buildPhases = (
				D930C84512F2A6980042BBF4 /* ShellScript */,
			);
			dependencies = (
				D930C84B12F2A6B20042BBF4 /* PBXTargetDependency */,
			);
			name = Distribution;
			productName = Distribution;
		};
/* End PBXAggregateTarget section */

/* Begin PBXBuildFile section */
		8D5B49B0048680CD000E48DA /* InfoPlist.strings in Resources */ = {isa = PBXBuildFile; fileRef = 089C167DFE841241C02AAC07 /* InfoPlist.strings */; };
		8D5B49B4048680CD000E48DA /* Cocoa.framework in Frameworks */ = {isa = PBXBuildFile; fileRef = 1058C7ADFEA557BF11CA2CBB /* Cocoa.framework */; };
		D118EA660AC08CCB006DD2FE /* Localizable.strings in Resources */ = {isa = PBXBuildFile; fileRef = D118EA640AC08CCB006DD2FE /* Localizable.strings */; };
		D15DEA4A0ABF639500CBE3A5 /* PluginManager.framework in Frameworks */ = {isa = PBXBuildFile; fileRef = D15DEA490ABF639500CBE3A5 /* PluginManager.framework */; };
		D15DEA4F0ABF63C600CBE3A5 /* FacebookExporter.m in Sources */ = {isa = PBXBuildFile; fileRef = D15DEA4D0ABF63C600CBE3A5 /* FacebookExporter.m */; };
		D15DEA520ABF641300CBE3A5 /* FacebookExporter.nib in Resources */ = {isa = PBXBuildFile; fileRef = D15DEA500ABF641300CBE3A5 /* FacebookExporter.nib */; };
		D930C82212F2A12C0042BBF4 /* appcast.xml in Resources */ = {isa = PBXBuildFile; fileRef = D930C81D12F2A12C0042BBF4 /* appcast.xml */; };
		D930C82312F2A12C0042BBF4 /* generate_keys.rb in Resources */ = {isa = PBXBuildFile; fileRef = D930C81E12F2A12C0042BBF4 /* generate_keys.rb */; };
		D930C82612F2A12C0042BBF4 /* sign_update.rb in Resources */ = {isa = PBXBuildFile; fileRef = D930C82112F2A12C0042BBF4 /* sign_update.rb */; };
		D957ED021292FC6900418F32 /* FacebookRequestController.m in Sources */ = {isa = PBXBuildFile; fileRef = D957ED011292FC6900418F32 /* FacebookRequestController.m */; };
		D99F11251287643200A48041 /* FacebookPicture.m in Sources */ = {isa = PBXBuildFile; fileRef = D99F11241287643200A48041 /* FacebookPicture.m */; };
		D99F136E1287FE5400A48041 /* FacebookRequest.m in Sources */ = {isa = PBXBuildFile; fileRef = D99F136D1287FE5400A48041 /* FacebookRequest.m */; };
		D99F13931287FF5500A48041 /* NSObject+SBJSON.m in Sources */ = {isa = PBXBuildFile; fileRef = D99F13881287FF5500A48041 /* NSObject+SBJSON.m */; };
		D99F13941287FF5500A48041 /* NSString+SBJSON.m in Sources */ = {isa = PBXBuildFile; fileRef = D99F138A1287FF5500A48041 /* NSString+SBJSON.m */; };
		D99F13951287FF5500A48041 /* SBJSON.m in Sources */ = {isa = PBXBuildFile; fileRef = D99F138C1287FF5500A48041 /* SBJSON.m */; };
		D99F13961287FF5500A48041 /* SBJsonBase.m in Sources */ = {isa = PBXBuildFile; fileRef = D99F138E1287FF5500A48041 /* SBJsonBase.m */; };
		D99F13971287FF5500A48041 /* SBJsonParser.m in Sources */ = {isa = PBXBuildFile; fileRef = D99F13901287FF5500A48041 /* SBJsonParser.m */; };
		D99F13981287FF5500A48041 /* SBJsonWriter.m in Sources */ = {isa = PBXBuildFile; fileRef = D99F13921287FF5500A48041 /* SBJsonWriter.m */; };
		D9FF61FA128B8F3D0012A792 /* FacebookAlbum.m in Sources */ = {isa = PBXBuildFile; fileRef = D9FF61F9128B8F3D0012A792 /* FacebookAlbum.m */; };
		FA3131C513E4C1D100470875 /* Growl Registration Ticket.growlRegDict in Resources */ = {isa = PBXBuildFile; fileRef = FA60B7EA13C304EA00D9B215 /* Growl Registration Ticket.growlRegDict */; };
		FA39DCC712E426440058685C /* Sparkle.framework in Frameworks */ = {isa = PBXBuildFile; fileRef = FA39DCC612E426440058685C /* Sparkle.framework */; };
		FA39DD7612E426650058685C /* Sparkle.framework in CopyFiles */ = {isa = PBXBuildFile; fileRef = FA39DCC612E426440058685C /* Sparkle.framework */; };
		FA39DDDC12E439BB0058685C /* dsa_pub.pem in Resources */ = {isa = PBXBuildFile; fileRef = FA39DDDB12E439BB0058685C /* dsa_pub.pem */; };
		FA4CBAE613ACDEAE009E0372 /* PlugInUpdateCheck.m in Sources */ = {isa = PBXBuildFile; fileRef = FA4CBAE513ACDEAE009E0372 /* PlugInUpdateCheck.m */; };
		FA5D261F12FF052D00ADCB6D /* CXMLDocument_CreationExtensions.m in Sources */ = {isa = PBXBuildFile; fileRef = FA5D260412FF052D00ADCB6D /* CXMLDocument_CreationExtensions.m */; };
		FA5D262012FF052D00ADCB6D /* CXMLNode_CreationExtensions.m in Sources */ = {isa = PBXBuildFile; fileRef = FA5D260612FF052D00ADCB6D /* CXMLNode_CreationExtensions.m */; };
		FA5D262112FF052D00ADCB6D /* CXHTMLDocument.m in Sources */ = {isa = PBXBuildFile; fileRef = FA5D260812FF052D00ADCB6D /* CXHTMLDocument.m */; };
		FA5D262212FF052D00ADCB6D /* CXMLDocument.m in Sources */ = {isa = PBXBuildFile; fileRef = FA5D260A12FF052D00ADCB6D /* CXMLDocument.m */; };
		FA5D262312FF052D00ADCB6D /* CXMLDocument_PrivateExtensions.m in Sources */ = {isa = PBXBuildFile; fileRef = FA5D260C12FF052D00ADCB6D /* CXMLDocument_PrivateExtensions.m */; };
		FA5D262412FF052D00ADCB6D /* CXMLElement.m in Sources */ = {isa = PBXBuildFile; fileRef = FA5D260E12FF052D00ADCB6D /* CXMLElement.m */; };
		FA5D262512FF052D00ADCB6D /* CXMLElement_CreationExtensions.m in Sources */ = {isa = PBXBuildFile; fileRef = FA5D261012FF052D00ADCB6D /* CXMLElement_CreationExtensions.m */; };
		FA5D262612FF052D00ADCB6D /* CXMLElement_ElementTreeExtensions.m in Sources */ = {isa = PBXBuildFile; fileRef = FA5D261212FF052D00ADCB6D /* CXMLElement_ElementTreeExtensions.m */; };
		FA5D262712FF052D00ADCB6D /* CXMLNamespaceNode.m in Sources */ = {isa = PBXBuildFile; fileRef = FA5D261412FF052D00ADCB6D /* CXMLNamespaceNode.m */; };
		FA5D262812FF052D00ADCB6D /* CXMLNode.m in Sources */ = {isa = PBXBuildFile; fileRef = FA5D261612FF052D00ADCB6D /* CXMLNode.m */; };
		FA5D262912FF052D00ADCB6D /* CXMLNode_PrivateExtensions.m in Sources */ = {isa = PBXBuildFile; fileRef = FA5D261812FF052D00ADCB6D /* CXMLNode_PrivateExtensions.m */; };
		FA5D262A12FF052D00ADCB6D /* CXMLNode_XPathExtensions.m in Sources */ = {isa = PBXBuildFile; fileRef = FA5D261A12FF052D00ADCB6D /* CXMLNode_XPathExtensions.m */; };
		FA5D262B12FF052D00ADCB6D /* CTidy.m in Sources */ = {isa = PBXBuildFile; fileRef = FA5D261D12FF052D00ADCB6D /* CTidy.m */; };
		FA5D264A12FF064F00ADCB6D /* PlugInSUStandardVersionComparator.m in Sources */ = {isa = PBXBuildFile; fileRef = FA5D264912FF064F00ADCB6D /* PlugInSUStandardVersionComparator.m */; };
		FA906ED11624C82200FF4C16 /* WebKit.framework in Frameworks */ = {isa = PBXBuildFile; fileRef = FA906ED01624C82200FF4C16 /* WebKit.framework */; };
		FAA0F6E113AD253D009CF224 /* BundleUserDefaults.m in Sources */ = {isa = PBXBuildFile; fileRef = FAA0F6E013AD253D009CF224 /* BundleUserDefaults.m */; };
		FAA0F6E413AD259F009CF224 /* PlugInDefaults.m in Sources */ = {isa = PBXBuildFile; fileRef = FAA0F6E313AD259F009CF224 /* PlugInDefaults.m */; };
		FAC7F2A01625FD4E00B26311 /* Growl.framework in Frameworks */ = {isa = PBXBuildFile; fileRef = FAC7F29E1625FD3200B26311 /* Growl.framework */; };
		FAC7F2A11625FD5500B26311 /* Growl.framework in CopyFiles */ = {isa = PBXBuildFile; fileRef = FAC7F29E1625FD3200B26311 /* Growl.framework */; };
/* End PBXBuildFile section */

/* Begin PBXContainerItemProxy section */
		D930C84A12F2A6B20042BBF4 /* PBXContainerItemProxy */ = {
			isa = PBXContainerItemProxy;
			containerPortal = 089C1669FE841209C02AAC07 /* Project object */;
			proxyType = 1;
			remoteGlobalIDString = 8D5B49AC048680CD000E48DA;
			remoteInfo = FacebookExporter;
		};
/* End PBXContainerItemProxy section */

/* Begin PBXCopyFilesBuildPhase section */
		FA39DD7C12E426800058685C /* CopyFiles */ = {
			isa = PBXCopyFilesBuildPhase;
			buildActionMask = 2147483647;
			dstPath = "";
			dstSubfolderSpec = 10;
			files = (
				FA39DD7612E426650058685C /* Sparkle.framework in CopyFiles */,
				FAC7F2A11625FD5500B26311 /* Growl.framework in CopyFiles */,
			);
			runOnlyForDeploymentPostprocessing = 0;
		};
/* End PBXCopyFilesBuildPhase section */

/* Begin PBXFileReference section */
		089C1672FE841209C02AAC07 /* Foundation.framework */ = {isa = PBXFileReference; lastKnownFileType = wrapper.framework; name = Foundation.framework; path = /System/Library/Frameworks/Foundation.framework; sourceTree = "<absolute>"; };
		089C167EFE841241C02AAC07 /* English */ = {isa = PBXFileReference; fileEncoding = 10; lastKnownFileType = text.plist.strings; name = English; path = English.lproj/InfoPlist.strings; sourceTree = "<group>"; };
		089C167FFE841241C02AAC07 /* AppKit.framework */ = {isa = PBXFileReference; lastKnownFileType = wrapper.framework; name = AppKit.framework; path = /System/Library/Frameworks/AppKit.framework; sourceTree = "<absolute>"; };
		1058C7ADFEA557BF11CA2CBB /* Cocoa.framework */ = {isa = PBXFileReference; lastKnownFileType = wrapper.framework; name = Cocoa.framework; path = /System/Library/Frameworks/Cocoa.framework; sourceTree = "<absolute>"; };
		287924B70DAEB2A20074992A /* ApertureExportManager.h */ = {isa = PBXFileReference; fileEncoding = 4; lastKnownFileType = sourcecode.c.h; path = ApertureExportManager.h; sourceTree = "<group>"; };
		287924B80DAEB2A20074992A /* ApertureExportPlugIn.h */ = {isa = PBXFileReference; fileEncoding = 4; lastKnownFileType = sourcecode.c.h; path = ApertureExportPlugIn.h; sourceTree = "<group>"; };
		287924B90DAEB2A20074992A /* ApertureSDKCommon.h */ = {isa = PBXFileReference; fileEncoding = 4; lastKnownFileType = sourcecode.c.h; path = ApertureSDKCommon.h; sourceTree = "<group>"; };
		32DBCF630370AF2F00C91783 /* FacebookExporter_Prefix.pch */ = {isa = PBXFileReference; fileEncoding = 4; lastKnownFileType = sourcecode.c.h; path = FacebookExporter_Prefix.pch; sourceTree = "<group>"; };
		8D5B49B7048680CD000E48DA /* Info.plist */ = {isa = PBXFileReference; fileEncoding = 4; lastKnownFileType = text.plist.xml; path = Info.plist; sourceTree = "<group>"; };
		D118EA650AC08CCB006DD2FE /* English */ = {isa = PBXFileReference; fileEncoding = 10; lastKnownFileType = text.plist.strings; name = English; path = English.lproj/Localizable.strings; sourceTree = "<group>"; };
		D118EB0F0AC08EAE006DD2FE /* FacebookExporter.ApertureExport */ = {isa = PBXFileReference; explicitFileType = wrapper.cfbundle; includeInIndex = 0; path = FacebookExporter.ApertureExport; sourceTree = BUILT_PRODUCTS_DIR; };
		D15DEA490ABF639500CBE3A5 /* PluginManager.framework */ = {isa = PBXFileReference; lastKnownFileType = wrapper.framework; name = PluginManager.framework; path = /Library/Frameworks/PluginManager.framework; sourceTree = "<absolute>"; };
		D15DEA4D0ABF63C600CBE3A5 /* FacebookExporter.m */ = {isa = PBXFileReference; fileEncoding = 30; lastKnownFileType = sourcecode.c.objc; path = FacebookExporter.m; sourceTree = "<group>"; };
		D15DEA4E0ABF63C600CBE3A5 /* FacebookExporter.h */ = {isa = PBXFileReference; fileEncoding = 30; lastKnownFileType = sourcecode.c.h; path = FacebookExporter.h; sourceTree = "<group>"; };
		D15DEA510ABF641300CBE3A5 /* English */ = {isa = PBXFileReference; lastKnownFileType = wrapper.nib; name = English; path = English.lproj/FacebookExporter.nib; sourceTree = "<group>"; };
		D2F7E65807B2D6F200F64583 /* CoreData.framework */ = {isa = PBXFileReference; lastKnownFileType = wrapper.framework; name = CoreData.framework; path = /System/Library/Frameworks/CoreData.framework; sourceTree = "<absolute>"; };
		D92A05BD12F2B54600C99223 /* release_notes.md */ = {isa = PBXFileReference; fileEncoding = 4; lastKnownFileType = text; path = release_notes.md; sourceTree = "<group>"; };
		D92A05BE12F2B55C00C99223 /* README.md */ = {isa = PBXFileReference; fileEncoding = 4; lastKnownFileType = text; path = README.md; sourceTree = "<group>"; };
		D930C81D12F2A12C0042BBF4 /* appcast.xml */ = {isa = PBXFileReference; fileEncoding = 4; lastKnownFileType = text.xml; path = appcast.xml; sourceTree = "<group>"; };
		D930C81E12F2A12C0042BBF4 /* generate_keys.rb */ = {isa = PBXFileReference; fileEncoding = 4; lastKnownFileType = text.script.ruby; path = generate_keys.rb; sourceTree = "<group>"; };
		D930C82112F2A12C0042BBF4 /* sign_update.rb */ = {isa = PBXFileReference; fileEncoding = 4; lastKnownFileType = text.script.ruby; path = sign_update.rb; sourceTree = "<group>"; };
		D957ED001292FC6900418F32 /* FacebookRequestController.h */ = {isa = PBXFileReference; fileEncoding = 4; lastKnownFileType = sourcecode.c.h; path = FacebookRequestController.h; sourceTree = "<group>"; };
		D957ED011292FC6900418F32 /* FacebookRequestController.m */ = {isa = PBXFileReference; fileEncoding = 4; lastKnownFileType = sourcecode.c.objc; path = FacebookRequestController.m; sourceTree = "<group>"; };
		D99F11231287643200A48041 /* FacebookPicture.h */ = {isa = PBXFileReference; fileEncoding = 4; lastKnownFileType = sourcecode.c.h; path = FacebookPicture.h; sourceTree = "<group>"; };
		D99F11241287643200A48041 /* FacebookPicture.m */ = {isa = PBXFileReference; fileEncoding = 4; lastKnownFileType = sourcecode.c.objc; path = FacebookPicture.m; sourceTree = "<group>"; };
		D99F136C1287FE5400A48041 /* FacebookRequest.h */ = {isa = PBXFileReference; fileEncoding = 4; lastKnownFileType = sourcecode.c.h; path = FacebookRequest.h; sourceTree = "<group>"; };
		D99F136D1287FE5400A48041 /* FacebookRequest.m */ = {isa = PBXFileReference; fileEncoding = 4; lastKnownFileType = sourcecode.c.objc; path = FacebookRequest.m; sourceTree = "<group>"; };
		D99F13861287FF5500A48041 /* JSON.h */ = {isa = PBXFileReference; fileEncoding = 4; lastKnownFileType = sourcecode.c.h; path = JSON.h; sourceTree = "<group>"; };
		D99F13871287FF5500A48041 /* NSObject+SBJSON.h */ = {isa = PBXFileReference; fileEncoding = 4; lastKnownFileType = sourcecode.c.h; path = "NSObject+SBJSON.h"; sourceTree = "<group>"; };
		D99F13881287FF5500A48041 /* NSObject+SBJSON.m */ = {isa = PBXFileReference; fileEncoding = 4; lastKnownFileType = sourcecode.c.objc; path = "NSObject+SBJSON.m"; sourceTree = "<group>"; };
		D99F13891287FF5500A48041 /* NSString+SBJSON.h */ = {isa = PBXFileReference; fileEncoding = 4; lastKnownFileType = sourcecode.c.h; path = "NSString+SBJSON.h"; sourceTree = "<group>"; };
		D99F138A1287FF5500A48041 /* NSString+SBJSON.m */ = {isa = PBXFileReference; fileEncoding = 4; lastKnownFileType = sourcecode.c.objc; path = "NSString+SBJSON.m"; sourceTree = "<group>"; };
		D99F138B1287FF5500A48041 /* SBJSON.h */ = {isa = PBXFileReference; fileEncoding = 4; lastKnownFileType = sourcecode.c.h; path = SBJSON.h; sourceTree = "<group>"; };
		D99F138C1287FF5500A48041 /* SBJSON.m */ = {isa = PBXFileReference; fileEncoding = 4; lastKnownFileType = sourcecode.c.objc; path = SBJSON.m; sourceTree = "<group>"; };
		D99F138D1287FF5500A48041 /* SBJsonBase.h */ = {isa = PBXFileReference; fileEncoding = 4; lastKnownFileType = sourcecode.c.h; path = SBJsonBase.h; sourceTree = "<group>"; };
		D99F138E1287FF5500A48041 /* SBJsonBase.m */ = {isa = PBXFileReference; fileEncoding = 4; lastKnownFileType = sourcecode.c.objc; path = SBJsonBase.m; sourceTree = "<group>"; };
		D99F138F1287FF5500A48041 /* SBJsonParser.h */ = {isa = PBXFileReference; fileEncoding = 4; lastKnownFileType = sourcecode.c.h; path = SBJsonParser.h; sourceTree = "<group>"; };
		D99F13901287FF5500A48041 /* SBJsonParser.m */ = {isa = PBXFileReference; fileEncoding = 4; lastKnownFileType = sourcecode.c.objc; path = SBJsonParser.m; sourceTree = "<group>"; };
		D99F13911287FF5500A48041 /* SBJsonWriter.h */ = {isa = PBXFileReference; fileEncoding = 4; lastKnownFileType = sourcecode.c.h; path = SBJsonWriter.h; sourceTree = "<group>"; };
		D99F13921287FF5500A48041 /* SBJsonWriter.m */ = {isa = PBXFileReference; fileEncoding = 4; lastKnownFileType = sourcecode.c.objc; path = SBJsonWriter.m; sourceTree = "<group>"; };
		D9FF61F8128B8F3D0012A792 /* FacebookAlbum.h */ = {isa = PBXFileReference; fileEncoding = 4; lastKnownFileType = sourcecode.c.h; path = FacebookAlbum.h; sourceTree = "<group>"; };
		D9FF61F9128B8F3D0012A792 /* FacebookAlbum.m */ = {isa = PBXFileReference; fileEncoding = 4; lastKnownFileType = sourcecode.c.objc; path = FacebookAlbum.m; sourceTree = "<group>"; };
		FA39DCC612E426440058685C /* Sparkle.framework */ = {isa = PBXFileReference; lastKnownFileType = wrapper.framework; path = Sparkle.framework; sourceTree = "<group>"; };
		FA39DDDB12E439BB0058685C /* dsa_pub.pem */ = {isa = PBXFileReference; fileEncoding = 4; lastKnownFileType = text; path = dsa_pub.pem; sourceTree = "<group>"; };
		FA4CBAE413ACDEAE009E0372 /* PlugInUpdateCheck.h */ = {isa = PBXFileReference; fileEncoding = 4; lastKnownFileType = sourcecode.c.h; path = PlugInUpdateCheck.h; sourceTree = "<group>"; };
		FA4CBAE513ACDEAE009E0372 /* PlugInUpdateCheck.m */ = {isa = PBXFileReference; fileEncoding = 4; lastKnownFileType = sourcecode.c.objc; path = PlugInUpdateCheck.m; sourceTree = "<group>"; };
		FA5D260312FF052D00ADCB6D /* CXMLDocument_CreationExtensions.h */ = {isa = PBXFileReference; fileEncoding = 4; lastKnownFileType = sourcecode.c.h; path = CXMLDocument_CreationExtensions.h; sourceTree = "<group>"; };
		FA5D260412FF052D00ADCB6D /* CXMLDocument_CreationExtensions.m */ = {isa = PBXFileReference; fileEncoding = 4; lastKnownFileType = sourcecode.c.objc; path = CXMLDocument_CreationExtensions.m; sourceTree = "<group>"; };
		FA5D260512FF052D00ADCB6D /* CXMLNode_CreationExtensions.h */ = {isa = PBXFileReference; fileEncoding = 4; lastKnownFileType = sourcecode.c.h; path = CXMLNode_CreationExtensions.h; sourceTree = "<group>"; };
		FA5D260612FF052D00ADCB6D /* CXMLNode_CreationExtensions.m */ = {isa = PBXFileReference; fileEncoding = 4; lastKnownFileType = sourcecode.c.objc; path = CXMLNode_CreationExtensions.m; sourceTree = "<group>"; };
		FA5D260712FF052D00ADCB6D /* CXHTMLDocument.h */ = {isa = PBXFileReference; fileEncoding = 4; lastKnownFileType = sourcecode.c.h; path = CXHTMLDocument.h; sourceTree = "<group>"; };
		FA5D260812FF052D00ADCB6D /* CXHTMLDocument.m */ = {isa = PBXFileReference; fileEncoding = 4; lastKnownFileType = sourcecode.c.objc; path = CXHTMLDocument.m; sourceTree = "<group>"; };
		FA5D260912FF052D00ADCB6D /* CXMLDocument.h */ = {isa = PBXFileReference; fileEncoding = 4; lastKnownFileType = sourcecode.c.h; path = CXMLDocument.h; sourceTree = "<group>"; };
		FA5D260A12FF052D00ADCB6D /* CXMLDocument.m */ = {isa = PBXFileReference; fileEncoding = 4; lastKnownFileType = sourcecode.c.objc; path = CXMLDocument.m; sourceTree = "<group>"; };
		FA5D260B12FF052D00ADCB6D /* CXMLDocument_PrivateExtensions.h */ = {isa = PBXFileReference; fileEncoding = 4; lastKnownFileType = sourcecode.c.h; path = CXMLDocument_PrivateExtensions.h; sourceTree = "<group>"; };
		FA5D260C12FF052D00ADCB6D /* CXMLDocument_PrivateExtensions.m */ = {isa = PBXFileReference; fileEncoding = 4; lastKnownFileType = sourcecode.c.objc; path = CXMLDocument_PrivateExtensions.m; sourceTree = "<group>"; };
		FA5D260D12FF052D00ADCB6D /* CXMLElement.h */ = {isa = PBXFileReference; fileEncoding = 4; lastKnownFileType = sourcecode.c.h; path = CXMLElement.h; sourceTree = "<group>"; };
		FA5D260E12FF052D00ADCB6D /* CXMLElement.m */ = {isa = PBXFileReference; fileEncoding = 4; lastKnownFileType = sourcecode.c.objc; path = CXMLElement.m; sourceTree = "<group>"; };
		FA5D260F12FF052D00ADCB6D /* CXMLElement_CreationExtensions.h */ = {isa = PBXFileReference; fileEncoding = 4; lastKnownFileType = sourcecode.c.h; path = CXMLElement_CreationExtensions.h; sourceTree = "<group>"; };
		FA5D261012FF052D00ADCB6D /* CXMLElement_CreationExtensions.m */ = {isa = PBXFileReference; fileEncoding = 4; lastKnownFileType = sourcecode.c.objc; path = CXMLElement_CreationExtensions.m; sourceTree = "<group>"; };
		FA5D261112FF052D00ADCB6D /* CXMLElement_ElementTreeExtensions.h */ = {isa = PBXFileReference; fileEncoding = 4; lastKnownFileType = sourcecode.c.h; path = CXMLElement_ElementTreeExtensions.h; sourceTree = "<group>"; };
		FA5D261212FF052D00ADCB6D /* CXMLElement_ElementTreeExtensions.m */ = {isa = PBXFileReference; fileEncoding = 4; lastKnownFileType = sourcecode.c.objc; path = CXMLElement_ElementTreeExtensions.m; sourceTree = "<group>"; };
		FA5D261312FF052D00ADCB6D /* CXMLNamespaceNode.h */ = {isa = PBXFileReference; fileEncoding = 4; lastKnownFileType = sourcecode.c.h; path = CXMLNamespaceNode.h; sourceTree = "<group>"; };
		FA5D261412FF052D00ADCB6D /* CXMLNamespaceNode.m */ = {isa = PBXFileReference; fileEncoding = 4; lastKnownFileType = sourcecode.c.objc; path = CXMLNamespaceNode.m; sourceTree = "<group>"; };
		FA5D261512FF052D00ADCB6D /* CXMLNode.h */ = {isa = PBXFileReference; fileEncoding = 4; lastKnownFileType = sourcecode.c.h; path = CXMLNode.h; sourceTree = "<group>"; };
		FA5D261612FF052D00ADCB6D /* CXMLNode.m */ = {isa = PBXFileReference; fileEncoding = 4; lastKnownFileType = sourcecode.c.objc; path = CXMLNode.m; sourceTree = "<group>"; };
		FA5D261712FF052D00ADCB6D /* CXMLNode_PrivateExtensions.h */ = {isa = PBXFileReference; fileEncoding = 4; lastKnownFileType = sourcecode.c.h; path = CXMLNode_PrivateExtensions.h; sourceTree = "<group>"; };
		FA5D261812FF052D00ADCB6D /* CXMLNode_PrivateExtensions.m */ = {isa = PBXFileReference; fileEncoding = 4; lastKnownFileType = sourcecode.c.objc; path = CXMLNode_PrivateExtensions.m; sourceTree = "<group>"; };
		FA5D261912FF052D00ADCB6D /* CXMLNode_XPathExtensions.h */ = {isa = PBXFileReference; fileEncoding = 4; lastKnownFileType = sourcecode.c.h; path = CXMLNode_XPathExtensions.h; sourceTree = "<group>"; };
		FA5D261A12FF052D00ADCB6D /* CXMLNode_XPathExtensions.m */ = {isa = PBXFileReference; fileEncoding = 4; lastKnownFileType = sourcecode.c.objc; path = CXMLNode_XPathExtensions.m; sourceTree = "<group>"; };
		FA5D261C12FF052D00ADCB6D /* CTidy.h */ = {isa = PBXFileReference; fileEncoding = 4; lastKnownFileType = sourcecode.c.h; path = CTidy.h; sourceTree = "<group>"; };
		FA5D261D12FF052D00ADCB6D /* CTidy.m */ = {isa = PBXFileReference; fileEncoding = 4; lastKnownFileType = sourcecode.c.objc; path = CTidy.m; sourceTree = "<group>"; };
		FA5D261E12FF052D00ADCB6D /* TouchXML.h */ = {isa = PBXFileReference; fileEncoding = 4; lastKnownFileType = sourcecode.c.h; path = TouchXML.h; sourceTree = "<group>"; };
		FA5D264812FF064F00ADCB6D /* PlugInSUStandardVersionComparator.h */ = {isa = PBXFileReference; fileEncoding = 4; lastKnownFileType = sourcecode.c.h; path = PlugInSUStandardVersionComparator.h; sourceTree = "<group>"; };
		FA5D264912FF064F00ADCB6D /* PlugInSUStandardVersionComparator.m */ = {isa = PBXFileReference; fileEncoding = 4; lastKnownFileType = sourcecode.c.objc; path = PlugInSUStandardVersionComparator.m; sourceTree = "<group>"; };
		FA60B7EA13C304EA00D9B215 /* Growl Registration Ticket.growlRegDict */ = {isa = PBXFileReference; fileEncoding = 4; lastKnownFileType = text.xml; path = "Growl Registration Ticket.growlRegDict"; sourceTree = "<group>"; };
		FA906ED01624C82200FF4C16 /* WebKit.framework */ = {isa = PBXFileReference; lastKnownFileType = wrapper.framework; name = WebKit.framework; path = Platforms/MacOSX.platform/Developer/SDKs/MacOSX10.7.sdk/System/Library/Frameworks/WebKit.framework; sourceTree = DEVELOPER_DIR; };
		FAA0F6DF13AD253D009CF224 /* BundleUserDefaults.h */ = {isa = PBXFileReference; fileEncoding = 4; lastKnownFileType = sourcecode.c.h; path = BundleUserDefaults.h; sourceTree = "<group>"; };
		FAA0F6E013AD253D009CF224 /* BundleUserDefaults.m */ = {isa = PBXFileReference; fileEncoding = 4; lastKnownFileType = sourcecode.c.objc; path = BundleUserDefaults.m; sourceTree = "<group>"; };
		FAA0F6E213AD259F009CF224 /* PlugInDefaults.h */ = {isa = PBXFileReference; fileEncoding = 4; lastKnownFileType = sourcecode.c.h; path = PlugInDefaults.h; sourceTree = "<group>"; };
		FAA0F6E313AD259F009CF224 /* PlugInDefaults.m */ = {isa = PBXFileReference; fileEncoding = 4; lastKnownFileType = sourcecode.c.objc; path = PlugInDefaults.m; sourceTree = "<group>"; };
		FAC7F29E1625FD3200B26311 /* Growl.framework */ = {isa = PBXFileReference; lastKnownFileType = wrapper.framework; path = Growl.framework; sourceTree = "<group>"; };
/* End PBXFileReference section */

/* Begin PBXFrameworksBuildPhase section */
		8D5B49B3048680CD000E48DA /* Frameworks */ = {
			isa = PBXFrameworksBuildPhase;
			buildActionMask = 2147483647;
			files = (
				8D5B49B4048680CD000E48DA /* Cocoa.framework in Frameworks */,
				FAC7F2A01625FD4E00B26311 /* Growl.framework in Frameworks */,
				D15DEA4A0ABF639500CBE3A5 /* PluginManager.framework in Frameworks */,
				FA39DCC712E426440058685C /* Sparkle.framework in Frameworks */,
				FA906ED11624C82200FF4C16 /* WebKit.framework in Frameworks */,
			);
			runOnlyForDeploymentPostprocessing = 0;
		};
/* End PBXFrameworksBuildPhase section */

/* Begin PBXGroup section */
		089C166AFE841209C02AAC07 /* MyApertureExportPlugIn */ = {
			isa = PBXGroup;
			children = (
				287924B60DAEB2A20074992A /* ApertureHeaders */,
				08FB77AFFE84173DC02AAC07 /* Classes */,
				32C88E010371C26100C91783 /* Other Sources */,
				089C167CFE841241C02AAC07 /* Resources */,
				089C1671FE841209C02AAC07 /* Frameworks and Libraries */,
				D118EB1C0AC08EE7006DD2FE /* Products */,
			);
			name = MyApertureExportPlugIn;
			sourceTree = "<group>";
		};
		089C1671FE841209C02AAC07 /* Frameworks and Libraries */ = {
			isa = PBXGroup;
			children = (
				1058C7ACFEA557BF11CA2CBB /* Linked Frameworks */,
				1058C7AEFEA557BF11CA2CBB /* Other Frameworks */,
			);
			name = "Frameworks and Libraries";
			sourceTree = "<group>";
		};
		089C167CFE841241C02AAC07 /* Resources */ = {
			isa = PBXGroup;
			children = (
				D92A05BE12F2B55C00C99223 /* README.md */,
				D92A05BD12F2B54600C99223 /* release_notes.md */,
				D930C81C12F2A12C0042BBF4 /* Appcast */,
				FA39DDDB12E439BB0058685C /* dsa_pub.pem */,
				D15DEA500ABF641300CBE3A5 /* FacebookExporter.nib */,
				8D5B49B7048680CD000E48DA /* Info.plist */,
				D118EA640AC08CCB006DD2FE /* Localizable.strings */,
				089C167DFE841241C02AAC07 /* InfoPlist.strings */,
				FA60B7EA13C304EA00D9B215 /* Growl Registration Ticket.growlRegDict */,
			);
			name = Resources;
			sourceTree = "<group>";
		};
		08FB77AFFE84173DC02AAC07 /* Classes */ = {
			isa = PBXGroup;
			children = (
				FAA0F6DF13AD253D009CF224 /* BundleUserDefaults.h */,
				FAA0F6E013AD253D009CF224 /* BundleUserDefaults.m */,
				FA5D264812FF064F00ADCB6D /* PlugInSUStandardVersionComparator.h */,
				FA5D264912FF064F00ADCB6D /* PlugInSUStandardVersionComparator.m */,
				D15DEA4E0ABF63C600CBE3A5 /* FacebookExporter.h */,
				D15DEA4D0ABF63C600CBE3A5 /* FacebookExporter.m */,
				D99F11231287643200A48041 /* FacebookPicture.h */,
				D99F11241287643200A48041 /* FacebookPicture.m */,
				D99F136C1287FE5400A48041 /* FacebookRequest.h */,
				D99F136D1287FE5400A48041 /* FacebookRequest.m */,
				D9FF61F8128B8F3D0012A792 /* FacebookAlbum.h */,
				D9FF61F9128B8F3D0012A792 /* FacebookAlbum.m */,
				D957ED001292FC6900418F32 /* FacebookRequestController.h */,
				D957ED011292FC6900418F32 /* FacebookRequestController.m */,
				FA4CBAE413ACDEAE009E0372 /* PlugInUpdateCheck.h */,
				FA4CBAE513ACDEAE009E0372 /* PlugInUpdateCheck.m */,
				FAA0F6E213AD259F009CF224 /* PlugInDefaults.h */,
				FAA0F6E313AD259F009CF224 /* PlugInDefaults.m */,
			);
			name = Classes;
			sourceTree = "<group>";
		};
		1058C7ACFEA557BF11CA2CBB /* Linked Frameworks */ = {
			isa = PBXGroup;
			children = (
				FAC7F29E1625FD3200B26311 /* Growl.framework */,
				FA39DCC612E426440058685C /* Sparkle.framework */,
				D15DEA490ABF639500CBE3A5 /* PluginManager.framework */,
				1058C7ADFEA557BF11CA2CBB /* Cocoa.framework */,
			);
			name = "Linked Frameworks";
			sourceTree = "<group>";
		};
		1058C7AEFEA557BF11CA2CBB /* Other Frameworks */ = {
			isa = PBXGroup;
			children = (
				FA906ED01624C82200FF4C16 /* WebKit.framework */,
				089C167FFE841241C02AAC07 /* AppKit.framework */,
				D2F7E65807B2D6F200F64583 /* CoreData.framework */,
				089C1672FE841209C02AAC07 /* Foundation.framework */,
			);
			name = "Other Frameworks";
			sourceTree = "<group>";
		};
		287924B60DAEB2A20074992A /* ApertureHeaders */ = {
			isa = PBXGroup;
			children = (
				287924B70DAEB2A20074992A /* ApertureExportManager.h */,
				287924B80DAEB2A20074992A /* ApertureExportPlugIn.h */,
				287924B90DAEB2A20074992A /* ApertureSDKCommon.h */,
			);
			path = ApertureHeaders;
			sourceTree = "<group>";
		};
		32C88E010371C26100C91783 /* Other Sources */ = {
			isa = PBXGroup;
			children = (
				FA5D260112FF052D00ADCB6D /* TouchXML */,
				D99F13851287FF5500A48041 /* JSON */,
				32DBCF630370AF2F00C91783 /* FacebookExporter_Prefix.pch */,
			);
			name = "Other Sources";
			sourceTree = "<group>";
		};
		D118EB1C0AC08EE7006DD2FE /* Products */ = {
			isa = PBXGroup;
			children = (
				D118EB0F0AC08EAE006DD2FE /* FacebookExporter.ApertureExport */,
			);
			name = Products;
			sourceTree = "<group>";
		};
		D930C81C12F2A12C0042BBF4 /* Appcast */ = {
			isa = PBXGroup;
			children = (
				D930C81D12F2A12C0042BBF4 /* appcast.xml */,
				D930C81E12F2A12C0042BBF4 /* generate_keys.rb */,
				D930C82112F2A12C0042BBF4 /* sign_update.rb */,
			);
			path = Appcast;
			sourceTree = "<group>";
		};
		D99F13851287FF5500A48041 /* JSON */ = {
			isa = PBXGroup;
			children = (
				D99F13861287FF5500A48041 /* JSON.h */,
				D99F13871287FF5500A48041 /* NSObject+SBJSON.h */,
				D99F13881287FF5500A48041 /* NSObject+SBJSON.m */,
				D99F13891287FF5500A48041 /* NSString+SBJSON.h */,
				D99F138A1287FF5500A48041 /* NSString+SBJSON.m */,
				D99F138B1287FF5500A48041 /* SBJSON.h */,
				D99F138C1287FF5500A48041 /* SBJSON.m */,
				D99F138D1287FF5500A48041 /* SBJsonBase.h */,
				D99F138E1287FF5500A48041 /* SBJsonBase.m */,
				D99F138F1287FF5500A48041 /* SBJsonParser.h */,
				D99F13901287FF5500A48041 /* SBJsonParser.m */,
				D99F13911287FF5500A48041 /* SBJsonWriter.h */,
				D99F13921287FF5500A48041 /* SBJsonWriter.m */,
			);
			path = JSON;
			sourceTree = "<group>";
		};
		FA5D260112FF052D00ADCB6D /* TouchXML */ = {
			isa = PBXGroup;
			children = (
				FA5D260212FF052D00ADCB6D /* Creation */,
				FA5D260712FF052D00ADCB6D /* CXHTMLDocument.h */,
				FA5D260812FF052D00ADCB6D /* CXHTMLDocument.m */,
				FA5D260912FF052D00ADCB6D /* CXMLDocument.h */,
				FA5D260A12FF052D00ADCB6D /* CXMLDocument.m */,
				FA5D260B12FF052D00ADCB6D /* CXMLDocument_PrivateExtensions.h */,
				FA5D260C12FF052D00ADCB6D /* CXMLDocument_PrivateExtensions.m */,
				FA5D260D12FF052D00ADCB6D /* CXMLElement.h */,
				FA5D260E12FF052D00ADCB6D /* CXMLElement.m */,
				FA5D260F12FF052D00ADCB6D /* CXMLElement_CreationExtensions.h */,
				FA5D261012FF052D00ADCB6D /* CXMLElement_CreationExtensions.m */,
				FA5D261112FF052D00ADCB6D /* CXMLElement_ElementTreeExtensions.h */,
				FA5D261212FF052D00ADCB6D /* CXMLElement_ElementTreeExtensions.m */,
				FA5D261312FF052D00ADCB6D /* CXMLNamespaceNode.h */,
				FA5D261412FF052D00ADCB6D /* CXMLNamespaceNode.m */,
				FA5D261512FF052D00ADCB6D /* CXMLNode.h */,
				FA5D261612FF052D00ADCB6D /* CXMLNode.m */,
				FA5D261712FF052D00ADCB6D /* CXMLNode_PrivateExtensions.h */,
				FA5D261812FF052D00ADCB6D /* CXMLNode_PrivateExtensions.m */,
				FA5D261912FF052D00ADCB6D /* CXMLNode_XPathExtensions.h */,
				FA5D261A12FF052D00ADCB6D /* CXMLNode_XPathExtensions.m */,
				FA5D261B12FF052D00ADCB6D /* Tidy */,
				FA5D261E12FF052D00ADCB6D /* TouchXML.h */,
			);
			path = TouchXML;
			sourceTree = "<group>";
		};
		FA5D260212FF052D00ADCB6D /* Creation */ = {
			isa = PBXGroup;
			children = (
				FA5D260312FF052D00ADCB6D /* CXMLDocument_CreationExtensions.h */,
				FA5D260412FF052D00ADCB6D /* CXMLDocument_CreationExtensions.m */,
				FA5D260512FF052D00ADCB6D /* CXMLNode_CreationExtensions.h */,
				FA5D260612FF052D00ADCB6D /* CXMLNode_CreationExtensions.m */,
			);
			path = Creation;
			sourceTree = "<group>";
		};
		FA5D261B12FF052D00ADCB6D /* Tidy */ = {
			isa = PBXGroup;
			children = (
				FA5D261C12FF052D00ADCB6D /* CTidy.h */,
				FA5D261D12FF052D00ADCB6D /* CTidy.m */,
			);
			path = Tidy;
			sourceTree = "<group>";
		};
/* End PBXGroup section */

/* Begin PBXNativeTarget section */
		8D5B49AC048680CD000E48DA /* FacebookExporter */ = {
			isa = PBXNativeTarget;
			buildConfigurationList = 1DEB913A08733D840010E9CD /* Build configuration list for PBXNativeTarget "FacebookExporter" */;
			buildPhases = (
				8D5B49AF048680CD000E48DA /* Resources */,
				8D5B49B1048680CD000E48DA /* Sources */,
				8D5B49B3048680CD000E48DA /* Frameworks */,
				FA39DD7C12E426800058685C /* CopyFiles */,
				FA31319A13E4BC5600470875 /* ShellScript */,
			);
			buildRules = (
			);
			dependencies = (
			);
			name = FacebookExporter;
			productInstallPath = "$(HOME)/Library/Bundles";
			productName = MyApertureExportPlugIn;
			productReference = D118EB0F0AC08EAE006DD2FE /* FacebookExporter.ApertureExport */;
			productType = "com.apple.product-type.bundle";
		};
/* End PBXNativeTarget section */

/* Begin PBXProject section */
		089C1669FE841209C02AAC07 /* Project object */ = {
			isa = PBXProject;
			attributes = {
				BuildIndependentTargetsInParallel = YES;
				LastUpgradeCheck = 0450;
			};
			buildConfigurationList = 1DEB913E08733D840010E9CD /* Build configuration list for PBXProject "FacebookExporter" */;
			compatibilityVersion = "Xcode 3.2";
			developmentRegion = English;
			hasScannedForEncodings = 1;
			knownRegions = (
				English,
				Japanese,
				French,
				German,
			);
			mainGroup = 089C166AFE841209C02AAC07 /* MyApertureExportPlugIn */;
			productRefGroup = 089C166AFE841209C02AAC07 /* MyApertureExportPlugIn */;
			projectDirPath = "";
			projectRoot = "";
			targets = (
				8D5B49AC048680CD000E48DA /* FacebookExporter */,
				D930C84612F2A6980042BBF4 /* Distribution */,
			);
		};
/* End PBXProject section */

/* Begin PBXResourcesBuildPhase section */
		8D5B49AF048680CD000E48DA /* Resources */ = {
			isa = PBXResourcesBuildPhase;
			buildActionMask = 2147483647;
			files = (
				FA3131C513E4C1D100470875 /* Growl Registration Ticket.growlRegDict in Resources */,
				8D5B49B0048680CD000E48DA /* InfoPlist.strings in Resources */,
				D15DEA520ABF641300CBE3A5 /* FacebookExporter.nib in Resources */,
				D118EA660AC08CCB006DD2FE /* Localizable.strings in Resources */,
				FA39DDDC12E439BB0058685C /* dsa_pub.pem in Resources */,
				D930C82212F2A12C0042BBF4 /* appcast.xml in Resources */,
				D930C82312F2A12C0042BBF4 /* generate_keys.rb in Resources */,
				D930C82612F2A12C0042BBF4 /* sign_update.rb in Resources */,
			);
			runOnlyForDeploymentPostprocessing = 0;
		};
/* End PBXResourcesBuildPhase section */

/* Begin PBXShellScriptBuildPhase section */
		D930C84512F2A6980042BBF4 /* ShellScript */ = {
			isa = PBXShellScriptBuildPhase;
			buildActionMask = 2147483647;
			files = (
			);
			inputPaths = (
			);
			outputPaths = (
			);
			runOnlyForDeploymentPostprocessing = 0;
			shellPath = /bin/bash;
			shellScript = "set -o errexit\n\n[ $BUILD_STYLE = Release ] || { echo Distribution target requires \"'Release'\" build style; false; }\n\nVERSION=$(defaults read \"$BUILT_PRODUCTS_DIR/$PROJECT_NAME.ApertureExport/Contents/Info\" CFBundleVersion)\nDOWNLOAD_BASE_URL=\"https://github.com/downloads/streeter/facebook-aperture-exporter\"\nRELEASENOTES_URL=\"https://github.com/streeter/facebook-aperture-exporter/raw/master/release_notes.md\"\n\nARCHIVE_FILENAME=\"$PROJECT_NAME.$VERSION.ApertureExport.zip\"\nDOWNLOAD_URL=\"$DOWNLOAD_BASE_URL/$ARCHIVE_FILENAME\"\nKEYCHAIN_PRIVKEY_NAME=\"Sparkle Private Key 1\"\n\nWD=$PWD\ncd \"$BUILT_PRODUCTS_DIR\"\nrm -f \"$PROJECT_NAME\"*.zip\nditto -ck --keepParent \"$PROJECT_NAME.ApertureExport\" \"$ARCHIVE_FILENAME\"\n\nSIZE=$(stat -f %z \"$ARCHIVE_FILENAME\")\nPUBDATE=$(LC_TIME=en_US date +\"%a, %d %b %G %T %z\")\nSIGNATURE=$(\n\topenssl dgst -sha1 -binary < \"$ARCHIVE_FILENAME\" \\\n\t| openssl dgst -dss1 -sign <(security find-generic-password -g -s \"$KEYCHAIN_PRIVKEY_NAME\" 2>&1 1>/dev/null | perl -pe '($_) = /\"(.+)\"/; s/\\\\012/\\n/g' | perl -MXML::LibXML -e 'print XML::LibXML->new()->parse_file(\"-\")->findvalue(q(//string[preceding-sibling::key[1] = \"NOTE\"]))') \\\n\t| openssl enc -base64\n)\n\n[ $SIGNATURE ] || { echo Unable to load signing private key with name \"'$KEYCHAIN_PRIVKEY_NAME'\" from keychain; false; }\n\ncat <<EOF\n\t\t<item>\n\t\t\t<title>Version $VERSION</title>\n\t\t\t<sparkle:releaseNotesLink>$RELEASENOTES_URL</sparkle:releaseNotesLink>\n\t\t\t<pubDate>$PUBDATE</pubDate>\n\t\t\t<enclosure\n\t\t\t\turl=\"$DOWNLOAD_URL\"\n\t\t\t\tsparkle:version=\"$VERSION\"\n\t\t\t\ttype=\"application/octet-stream\"\n\t\t\t\tlength=\"$SIZE\"\n\t\t\t\tsparkle:dsaSignature=\"$SIGNATURE\"\n\t\t\t/>\n\t\t</item>\nEOF";
		};
		FA31319A13E4BC5600470875 /* ShellScript */ = {
			isa = PBXShellScriptBuildPhase;
			buildActionMask = 2147483647;
			files = (
			);
			inputPaths = (
			);
			outputPaths = (
			);
			runOnlyForDeploymentPostprocessing = 0;
			shellPath = /bin/sh;
			shellScript = "install_name_tool -change \\\n \"@executable_path/../Frameworks/Growl.framework/Versions/A/Growl\" \\\n \"@loader_path/../Frameworks/Growl.framework/Versions/A/Growl\" \\\n \"$INSTALL_PATH/$EXECUTABLE_PATH\"";
		};
/* End PBXShellScriptBuildPhase section */

/* Begin PBXSourcesBuildPhase section */
		8D5B49B1048680CD000E48DA /* Sources */ = {
			isa = PBXSourcesBuildPhase;
			buildActionMask = 2147483647;
			files = (
				D15DEA4F0ABF63C600CBE3A5 /* FacebookExporter.m in Sources */,
				D99F11251287643200A48041 /* FacebookPicture.m in Sources */,
				D99F136E1287FE5400A48041 /* FacebookRequest.m in Sources */,
				D99F13931287FF5500A48041 /* NSObject+SBJSON.m in Sources */,
				D99F13941287FF5500A48041 /* NSString+SBJSON.m in Sources */,
				D99F13951287FF5500A48041 /* SBJSON.m in Sources */,
				D99F13961287FF5500A48041 /* SBJsonBase.m in Sources */,
				D99F13971287FF5500A48041 /* SBJsonParser.m in Sources */,
				D99F13981287FF5500A48041 /* SBJsonWriter.m in Sources */,
				D9FF61FA128B8F3D0012A792 /* FacebookAlbum.m in Sources */,
				D957ED021292FC6900418F32 /* FacebookRequestController.m in Sources */,
				FA5D261F12FF052D00ADCB6D /* CXMLDocument_CreationExtensions.m in Sources */,
				FA5D262012FF052D00ADCB6D /* CXMLNode_CreationExtensions.m in Sources */,
				FA5D262112FF052D00ADCB6D /* CXHTMLDocument.m in Sources */,
				FA5D262212FF052D00ADCB6D /* CXMLDocument.m in Sources */,
				FA5D262312FF052D00ADCB6D /* CXMLDocument_PrivateExtensions.m in Sources */,
				FA5D262412FF052D00ADCB6D /* CXMLElement.m in Sources */,
				FA5D262512FF052D00ADCB6D /* CXMLElement_CreationExtensions.m in Sources */,
				FA5D262612FF052D00ADCB6D /* CXMLElement_ElementTreeExtensions.m in Sources */,
				FA5D262712FF052D00ADCB6D /* CXMLNamespaceNode.m in Sources */,
				FA5D262812FF052D00ADCB6D /* CXMLNode.m in Sources */,
				FA5D262912FF052D00ADCB6D /* CXMLNode_PrivateExtensions.m in Sources */,
				FA5D262A12FF052D00ADCB6D /* CXMLNode_XPathExtensions.m in Sources */,
				FA5D262B12FF052D00ADCB6D /* CTidy.m in Sources */,
				FA5D264A12FF064F00ADCB6D /* PlugInSUStandardVersionComparator.m in Sources */,
				FA4CBAE613ACDEAE009E0372 /* PlugInUpdateCheck.m in Sources */,
				FAA0F6E113AD253D009CF224 /* BundleUserDefaults.m in Sources */,
				FAA0F6E413AD259F009CF224 /* PlugInDefaults.m in Sources */,
			);
			runOnlyForDeploymentPostprocessing = 0;
		};
/* End PBXSourcesBuildPhase section */

/* Begin PBXTargetDependency section */
		D930C84B12F2A6B20042BBF4 /* PBXTargetDependency */ = {
			isa = PBXTargetDependency;
			target = 8D5B49AC048680CD000E48DA /* FacebookExporter */;
			targetProxy = D930C84A12F2A6B20042BBF4 /* PBXContainerItemProxy */;
		};
/* End PBXTargetDependency section */

/* Begin PBXVariantGroup section */
		089C167DFE841241C02AAC07 /* InfoPlist.strings */ = {
			isa = PBXVariantGroup;
			children = (
				089C167EFE841241C02AAC07 /* English */,
			);
			name = InfoPlist.strings;
			sourceTree = "<group>";
		};
		D118EA640AC08CCB006DD2FE /* Localizable.strings */ = {
			isa = PBXVariantGroup;
			children = (
				D118EA650AC08CCB006DD2FE /* English */,
			);
			name = Localizable.strings;
			sourceTree = "<group>";
		};
		D15DEA500ABF641300CBE3A5 /* FacebookExporter.nib */ = {
			isa = PBXVariantGroup;
			children = (
				D15DEA510ABF641300CBE3A5 /* English */,
			);
			name = FacebookExporter.nib;
			sourceTree = "<group>";
		};
/* End PBXVariantGroup section */

/* Begin XCBuildConfiguration section */
		1DEB913B08733D840010E9CD /* Debug */ = {
			isa = XCBuildConfiguration;
			buildSettings = {
				ARCHS = "$(ARCHS_STANDARD_64_BIT)";
				COMBINE_HIDPI_IMAGES = YES;
				COPY_PHASE_STRIP = NO;
				DEPLOYMENT_LOCATION = YES;
				DSTROOT = /;
				FRAMEWORK_SEARCH_PATHS = (
					"$(inherited)",
					"\"$(SRCROOT)\"",
					"\"$(SRCROOT)/../../Downloads/Growl-2.0-SDK/Framework\"",
				);
				GCC_DYNAMIC_NO_PIC = NO;
				GCC_MODEL_TUNING = G5;
				GCC_OPTIMIZATION_LEVEL = 0;
				GCC_PRECOMPILE_PREFIX_HEADER = YES;
				GCC_PREFIX_HEADER = FacebookExporter_Prefix.pch;
				INFOPLIST_FILE = Info.plist;
				INSTALL_PATH = "$(HOME)/Library/Application Support/Aperture/Plug-Ins/Export/";
				MACOSX_DEPLOYMENT_TARGET = 10.5;
				PRODUCT_NAME = FacebookExporter;
				SDKROOT = macosx10.7;
				WRAPPER_EXTENSION = ApertureExport;
				ZERO_LINK = YES;
			};
			name = Debug;
		};
		1DEB913C08733D840010E9CD /* Release */ = {
			isa = XCBuildConfiguration;
			buildSettings = {
				ARCHS = "$(ARCHS_STANDARD_64_BIT)";
				COMBINE_HIDPI_IMAGES = YES;
				DEPLOYMENT_LOCATION = YES;
				DSTROOT = /;
				FRAMEWORK_SEARCH_PATHS = (
					"$(inherited)",
					"\"$(SRCROOT)\"",
					"\"$(SRCROOT)/../../Downloads/Growl-2.0-SDK/Framework\"",
				);
				GCC_GENERATE_DEBUGGING_SYMBOLS = NO;
				GCC_MODEL_TUNING = G5;
				GCC_PRECOMPILE_PREFIX_HEADER = YES;
				GCC_PREFIX_HEADER = FacebookExporter_Prefix.pch;
				INFOPLIST_FILE = Info.plist;
				INSTALL_PATH = "$(HOME)/Library/Application Support/Aperture/Plug-Ins/Export/";
				MACOSX_DEPLOYMENT_TARGET = 10.5;
				ONLY_ACTIVE_ARCH = NO;
				PRODUCT_NAME = FacebookExporter;
				SDKROOT = macosx10.7;
				WRAPPER_EXTENSION = ApertureExport;
			};
			name = Release;
		};
		1DEB913F08733D840010E9CD /* Debug */ = {
			isa = XCBuildConfiguration;
			buildSettings = {
				ARCHS = "$(ARCHS_STANDARD_32_64_BIT)";
				COPY_PHASE_STRIP = NO;
				FRAMEWORK_SEARCH_PATHS = (
					.,
					"/Library/Frameworks//**",
				);
				GCC_C_LANGUAGE_STANDARD = c99;
				GCC_WARN_ABOUT_RETURN_TYPE = YES;
				GCC_WARN_UNKNOWN_PRAGMAS = NO;
				GCC_WARN_UNUSED_FUNCTION = YES;
				GCC_WARN_UNUSED_PARAMETER = NO;
				GCC_WARN_UNUSED_VALUE = NO;
				GCC_WARN_UNUSED_VARIABLE = YES;
				HEADER_SEARCH_PATHS = /usr/include/libxml2;
				MACOSX_DEPLOYMENT_TARGET = 10.7;
				OTHER_LDFLAGS = "-lxml2";
				SDKROOT = macosx10.7;
				STRIP_INSTALLED_PRODUCT = NO;
				VALID_ARCHS = "i386 x86_64";
			};
			name = Debug;
		};
		1DEB914008733D840010E9CD /* Release */ = {
			isa = XCBuildConfiguration;
			buildSettings = {
				ARCHS = (
					"$(ARCHS_STANDARD_32_BIT)",
					"$(ARCHS_STANDARD_64_BIT)",
				);
				COPY_PHASE_STRIP = YES;
				FRAMEWORK_SEARCH_PATHS = (
					.,
					"/Library/Frameworks//**",
				);
				GCC_C_LANGUAGE_STANDARD = c99;
				GCC_WARN_ABOUT_RETURN_TYPE = YES;
				GCC_WARN_UNUSED_PARAMETER = NO;
				GCC_WARN_UNUSED_VARIABLE = YES;
				HEADER_SEARCH_PATHS = /usr/include/libxml2;
				MACOSX_DEPLOYMENT_TARGET = 10.7;
				ONLY_ACTIVE_ARCH = YES;
				OTHER_LDFLAGS = "-lxml2";
				SDKROOT = macosx10.7;
				STRIP_INSTALLED_PRODUCT = NO;
				VALID_ARCHS = "i386 x86_64";
			};
			name = Release;
		};
		D930C84712F2A6980042BBF4 /* Debug */ = {
			isa = XCBuildConfiguration;
			buildSettings = {
				COMBINE_HIDPI_IMAGES = YES;
				COPY_PHASE_STRIP = NO;
				GCC_DYNAMIC_NO_PIC = NO;
				GCC_OPTIMIZATION_LEVEL = 0;
				PRODUCT_NAME = Distribution;
			};
			name = Debug;
		};
		D930C84812F2A6980042BBF4 /* Release */ = {
			isa = XCBuildConfiguration;
			buildSettings = {
				COMBINE_HIDPI_IMAGES = YES;
				COPY_PHASE_STRIP = YES;
				DEBUG_INFORMATION_FORMAT = "dwarf-with-dsym";
				PRODUCT_NAME = Distribution;
				ZERO_LINK = NO;
			};
			name = Release;
		};
/* End XCBuildConfiguration section */

/* Begin XCConfigurationList section */
		1DEB913A08733D840010E9CD /* Build configuration list for PBXNativeTarget "FacebookExporter" */ = {
			isa = XCConfigurationList;
			buildConfigurations = (
				1DEB913B08733D840010E9CD /* Debug */,
				1DEB913C08733D840010E9CD /* Release */,
			);
			defaultConfigurationIsVisible = 0;
			defaultConfigurationName = Release;
		};
		1DEB913E08733D840010E9CD /* Build configuration list for PBXProject "FacebookExporter" */ = {
			isa = XCConfigurationList;
			buildConfigurations = (
				1DEB913F08733D840010E9CD /* Debug */,
				1DEB914008733D840010E9CD /* Release */,
			);
			defaultConfigurationIsVisible = 0;
			defaultConfigurationName = Release;
		};
		D930C84C12F2A6D00042BBF4 /* Build configuration list for PBXAggregateTarget "Distribution" */ = {
			isa = XCConfigurationList;
			buildConfigurations = (
				D930C84712F2A6980042BBF4 /* Debug */,
				D930C84812F2A6980042BBF4 /* Release */,
			);
			defaultConfigurationIsVisible = 0;
			defaultConfigurationName = Release;
		};
/* End XCConfigurationList section */
	};
	rootObject = 089C1669FE841209C02AAC07 /* Project object */;
}
